
Microsoft Visual Studio Solution File, Format Version 12.00
# Visual Studio Version 16
VisualStudioVersion = 16.0.31313.79
MinimumVisualStudioVersion = 10.0.40219.1
Project("{FAE04EC0-301F-11D3-BF4B-00C04F79EFBC}") = "GenericStack", "GenericStack\GenericStack.csproj", "{D022FBB9-AE69-44EC-BA6B-43360A1F35EF}"
EndProject
Global
	GlobalSection(SolutionConfigurationPlatforms) = preSolution
		Debug|Any CPU = Debug|Any CPU
		Release|Any CPU = Release|Any CPU
	EndGlobalSection
	GlobalSection(ProjectConfigurationPlatforms) = postSolution
		{D022FBB9-AE69-44EC-BA6B-43360A1F35EF}.Debug|Any CPU.ActiveCfg = Debug|Any CPU
		{D022FBB9-AE69-44EC-BA6B-43360A1F35EF}.Debug|Any CPU.Build.0 = Debug|Any CPU
		{D022FBB9-AE69-44EC-BA6B-43360A1F35EF}.Release|Any CPU.ActiveCfg = Release|Any CPU
		{D022FBB9-AE69-44EC-BA6B-43360A1F35EF}.Release|Any CPU.Build.0 = Release|Any CPU
	EndGlobalSection
	GlobalSection(SolutionProperties) = preSolution
		HideSolutionNode = FALSE
	EndGlobalSection
	GlobalSection(ExtensibilityGlobals) = postSolution
		SolutionGuid = {C6F181A5-281F-490D-A335-48239B3806A6}
	EndGlobalSection
EndGlobal
